PODS:
  - IQKeyboardManager (5.0.8)
  - MJExtension (3.0.13)
  - ReactiveObjC (3.1.0)
  - SVProgressHUD (2.2.5)

DEPENDENCIES:
  - IQKeyboardManager
  - MJExtension
  - ReactiveObjC
  - SVProgressHUD

SPEC CHECKSUMS:
  IQKeyboardManager: 266cb7b1d11f94a3e71229d77f960f9a1b538e5b
  MJExtension: 5932755f451458eefa24239358817f8d291240c7
  ReactiveObjC: 2a38ea15335de4119d8b17caf1db1484f61db902
  SVProgressHUD: 1428aafac632c1f86f62aa4243ec12008d7a51d6

PODFILE CHECKSUM: 88592c3c54175efb4db6eedf1df2a679b81a7d80

COCOAPODS: 1.4.0
